// !$*UTF8*$!
{
	archiveVersion = 1;
	classes = {
	};
	objectVersion = 46;
	objects = {

/* Begin PBXBuildFile section */
		8D4042B11EA0B01F00D2A480 /* main.m in Sources */ = {isa = PBXBuildFile; fileRef = 8D4042B01EA0B01F00D2A480 /* main.m */; };
		8D4042B41EA0B01F00D2A480 /* AppDelegate.m in Sources */ = {isa = PBXBuildFile; fileRef = 8D4042B31EA0B01F00D2A480 /* AppDelegate.m */; };
		8D4042B71EA0B01F00D2A480 /* ViewController.m in Sources */ = {isa = PBXBuildFile; fileRef = 8D4042B61EA0B01F00D2A480 /* ViewController.m */; };
		8D4042BA1EA0B01F00D2A480 /* Main.storyboard in Resources */ = {isa = PBXBuildFile; fileRef = 8D4042B81EA0B01F00D2A480 /* Main.storyboard */; };
		8D4042BC1EA0B01F00D2A480 /* Assets.xcassets in Resources */ = {isa = PBXBuildFile; fileRef = 8D4042BB1EA0B01F00D2A480 /* Assets.xcassets */; };
		8D4042BF1EA0B01F00D2A480 /* LaunchScreen.storyboard in Resources */ = {isa = PBXBuildFile; fileRef = 8D4042BD1EA0B01F00D2A480 /* LaunchScreen.storyboard */; };
		8DCF2A9E1EA472C600909F7C /* NSNull+DZAdd.m in Sources */ = {isa = PBXBuildFile; fileRef = 8DCF2A9D1EA472C600909F7C /* NSNull+DZAdd.m */; };
		8DCF2AA61EA48CC000909F7C /* DZMethodSwizzlingDemoTests.m in Sources */ = {isa = PBXBuildFile; fileRef = 8DCF2AA51EA48CC000909F7C /* DZMethodSwizzlingDemoTests.m */; };
		8DCF2AB11EA48D3000909F7C /* NSNullTests.m in Sources */ = {isa = PBXBuildFile; fileRef = 8DCF2AB01EA48D3000909F7C /* NSNullTests.m */; };
		8DE896081EA312DD0027EA82 /* UIButton+Tracking.m in Sources */ = {isa = PBXBuildFile; fileRef = 8DE896071EA312DD0027EA82 /* UIButton+Tracking.m */; };
/* End PBXBuildFile section */

/* Begin PBXContainerItemProxy section */
		8DCF2AA81EA48CC000909F7C /* PBXContainerItemProxy */ = {
			isa = PBXContainerItemProxy;
			containerPortal = 8D4042A41EA0B01F00D2A480 /* Project object */;
			proxyType = 1;
			remoteGlobalIDString = 8D4042AB1EA0B01F00D2A480;
			remoteInfo = DZMethodSwizzlingDemo;
		};
/* End PBXContainerItemProxy section */

/* Begin PBXFileReference section */
		8D4042AC1EA0B01F00D2A480 /* DZMethodSwizzlingDemo.app */ = {isa = PBXFileReference; explicitFileType = wrapper.application; includeInIndex = 0; path = DZMethodSwizzlingDemo.app; sourceTree = BUILT_PRODUCTS_DIR; };
		8D4042B01EA0B01F00D2A480 /* main.m */ = {isa = PBXFileReference; lastKnownFileType = sourcecode.c.objc; path = main.m; sourceTree = "<group>"; };
		8D4042B21EA0B01F00D2A480 /* AppDelegate.h */ = {isa = PBXFileReference; lastKnownFileType = sourcecode.c.h; path = AppDelegate.h; sourceTree = "<group>"; };
		8D4042B31EA0B01F00D2A480 /* AppDelegate.m */ = {isa = PBXFileReference; lastKnownFileType = sourcecode.c.objc; path = AppDelegate.m; sourceTree = "<group>"; };
		8D4042B51EA0B01F00D2A480 /* ViewController.h */ = {isa = PBXFileReference; lastKnownFileType = sourcecode.c.h; path = ViewController.h; sourceTree = "<group>"; };
		8D4042B61EA0B01F00D2A480 /* ViewController.m */ = {isa = PBXFileReference; lastKnownFileType = sourcecode.c.objc; path = ViewController.m; sourceTree = "<group>"; };
		8D4042B91EA0B01F00D2A480 /* Base */ = {isa = PBXFileReference; lastKnownFileType = file.storyboard; name = Base; path = Base.lproj/Main.storyboard; sourceTree = "<group>"; };
		8D4042BB1EA0B01F00D2A480 /* Assets.xcassets */ = {isa = PBXFileReference; lastKnownFileType = folder.assetcatalog; path = Assets.xcassets; sourceTree = "<group>"; };
		8D4042BE1EA0B01F00D2A480 /* Base */ = {isa = PBXFileReference; lastKnownFileType = file.storyboard; name = Base; path = Base.lproj/LaunchScreen.storyboard; sourceTree = "<group>"; };
		8D4042C01EA0B01F00D2A480 /* Info.plist */ = {isa = PBXFileReference; lastKnownFileType = text.plist.xml; path = Info.plist; sourceTree = "<group>"; };
		8DCF2A9C1EA472C600909F7C /* NSNull+DZAdd.h */ = {isa = PBXFileReference; fileEncoding = 4; lastKnownFileType = sourcecode.c.h; path = "NSNull+DZAdd.h"; sourceTree = "<group>"; };
		8DCF2A9D1EA472C600909F7C /* NSNull+DZAdd.m */ = {isa = PBXFileReference; fileEncoding = 4; lastKnownFileType = sourcecode.c.objc; path = "NSNull+DZAdd.m"; sourceTree = "<group>"; };
		8DCF2AA31EA48CBF00909F7C /* DZMethodSwizzlingDemoTests.xctest */ = {isa = PBXFileReference; explicitFileType = wrapper.cfbundle; includeInIndex = 0; path = DZMethodSwizzlingDemoTests.xctest; sourceTree = BUILT_PRODUCTS_DIR; };
		8DCF2AA51EA48CC000909F7C /* DZMethodSwizzlingDemoTests.m */ = {isa = PBXFileReference; lastKnownFileType = sourcecode.c.objc; path = DZMethodSwizzlingDemoTests.m; sourceTree = "<group>"; };
		8DCF2AA71EA48CC000909F7C /* Info.plist */ = {isa = PBXFileReference; lastKnownFileType = text.plist.xml; path = Info.plist; sourceTree = "<group>"; };
		8DCF2AB01EA48D3000909F7C /* NSNullTests.m */ = {isa = PBXFileReference; fileEncoding = 4; lastKnownFileType = sourcecode.c.objc; path = NSNullTests.m; sourceTree = "<group>"; };
		8DE896061EA312DD0027EA82 /* UIButton+Tracking.h */ = {isa = PBXFileReference; fileEncoding = 4; lastKnownFileType = sourcecode.c.h; path = "UIButton+Tracking.h"; sourceTree = "<group>"; };
		8DE896071EA312DD0027EA82 /* UIButton+Tracking.m */ = {isa = PBXFileReference; fileEncoding = 4; lastKnownFileType = sourcecode.c.objc; path = "UIButton+Tracking.m"; sourceTree = "<group>"; };
/* End PBXFileReference section */

/* Begin PBXFrameworksBuildPhase section */
		8D4042A91EA0B01F00D2A480 /* Frameworks */ = {
			isa = PBXFrameworksBuildPhase;
			buildActionMask = 2147483647;
			files = (
			);
			runOnlyForDeploymentPostprocessing = 0;
		};
		8DCF2AA01EA48CBF00909F7C /* Frameworks */ = {
			isa = PBXFrameworksBuildPhase;
			buildActionMask = 2147483647;
			files = (
			);
			runOnlyForDeploymentPostprocessing = 0;
		};
/* End PBXFrameworksBuildPhase section */

/* Begin PBXGroup section */
		8D4042A31EA0B01F00D2A480 = {
			isa = PBXGroup;
			children = (
				8D4042AE1EA0B01F00D2A480 /* DZMethodSwizzlingDemo */,
				8DCF2AA41EA48CC000909F7C /* DZMethodSwizzlingDemoTests */,
				8D4042AD1EA0B01F00D2A480 /* Products */,
			);
			sourceTree = "<group>";
		};
		8D4042AD1EA0B01F00D2A480 /* Products */ = {
			isa = PBXGroup;
			children = (
				8D4042AC1EA0B01F00D2A480 /* DZMethodSwizzlingDemo.app */,
				8DCF2AA31EA48CBF00909F7C /* DZMethodSwizzlingDemoTests.xctest */,
			);
			name = Products;
			sourceTree = "<group>";
		};
		8D4042AE1EA0B01F00D2A480 /* DZMethodSwizzlingDemo */ = {
			isa = PBXGroup;
			children = (
				8D4042B21EA0B01F00D2A480 /* AppDelegate.h */,
				8D4042B31EA0B01F00D2A480 /* AppDelegate.m */,
				8D4042B51EA0B01F00D2A480 /* ViewController.h */,
				8D4042B61EA0B01F00D2A480 /* ViewController.m */,
				8DE896061EA312DD0027EA82 /* UIButton+Tracking.h */,
				8DE896071EA312DD0027EA82 /* UIButton+Tracking.m */,
				8DCF2A9C1EA472C600909F7C /* NSNull+DZAdd.h */,
				8DCF2A9D1EA472C600909F7C /* NSNull+DZAdd.m */,
				8D4042B81EA0B01F00D2A480 /* Main.storyboard */,
				8D4042BB1EA0B01F00D2A480 /* Assets.xcassets */,
				8D4042BD1EA0B01F00D2A480 /* LaunchScreen.storyboard */,
				8D4042C01EA0B01F00D2A480 /* Info.plist */,
				8D4042AF1EA0B01F00D2A480 /* Supporting Files */,
			);
			path = DZMethodSwizzlingDemo;
			sourceTree = "<group>";
		};
		8D4042AF1EA0B01F00D2A480 /* Supporting Files */ = {
			isa = PBXGroup;
			children = (
				8D4042B01EA0B01F00D2A480 /* main.m */,
			);
			name = "Supporting Files";
			sourceTree = "<group>";
		};
		8DCF2AA41EA48CC000909F7C /* DZMethodSwizzlingDemoTests */ = {
			isa = PBXGroup;
			children = (
				8DCF2AA51EA48CC000909F7C /* DZMethodSwizzlingDemoTests.m */,
				8DCF2AA71EA48CC000909F7C /* Info.plist */,
				8DCF2AB01EA48D3000909F7C /* NSNullTests.m */,
			);
			path = DZMethodSwizzlingDemoTests;
			sourceTree = "<group>";
		};
/* End PBXGroup section */

/* Begin PBXNativeTarget section */
		8D4042AB1EA0B01F00D2A480 /* DZMethodSwizzlingDemo */ = {
			isa = PBXNativeTarget;
			buildConfigurationList = 8D4042C31EA0B01F00D2A480 /* Build configuration list for PBXNativeTarget "DZMethodSwizzlingDemo" */;
			buildPhases = (
				8D4042A81EA0B01F00D2A480 /* Sources */,
				8D4042A91EA0B01F00D2A480 /* Frameworks */,
				8D4042AA1EA0B01F00D2A480 /* Resources */,
			);
			buildRules = (
			);
			dependencies = (
			);
			name = DZMethodSwizzlingDemo;
			productName = DZMethodSwizzlingDemo;
			productReference = 8D4042AC1EA0B01F00D2A480 /* DZMethodSwizzlingDemo.app */;
			productType = "com.apple.product-type.application";
		};
		8DCF2AA21EA48CBF00909F7C /* DZMethodSwizzlingDemoTests */ = {
			isa = PBXNativeTarget;
			buildConfigurationList = 8DCF2AAA1EA48CC000909F7C /* Build configuration list for PBXNativeTarget "DZMethodSwizzlingDemoTests" */;
			buildPhases = (
				8DCF2A9F1EA48CBF00909F7C /* Sources */,
				8DCF2AA01EA48CBF00909F7C /* Frameworks */,
				8DCF2AA11EA48CBF00909F7C /* Resources */,
			);
			buildRules = (
			);
			dependencies = (
				8DCF2AA91EA48CC000909F7C /* PBXTargetDependency */,
			);
			name = DZMethodSwizzlingDemoTests;
			productName = DZMethodSwizzlingDemoTests;
			productReference = 8DCF2AA31EA48CBF00909F7C /* DZMethodSwizzlingDemoTests.xctest */;
			productType = "com.apple.product-type.bundle.unit-test";
		};
/* End PBXNativeTarget section */

/* Begin PBXProject section */
		8D4042A41EA0B01F00D2A480 /* Project object */ = {
			isa = PBXProject;
			attributes = {
				LastUpgradeCheck = 0830;
				ORGANIZATIONNAME = "Wenbing Zuo";
				TargetAttributes = {
					8D4042AB1EA0B01F00D2A480 = {
						CreatedOnToolsVersion = 8.3.1;
						DevelopmentTeam = 63446ASE3L;
						ProvisioningStyle = Automatic;
					};
					8DCF2AA21EA48CBF00909F7C = {
						CreatedOnToolsVersion = 8.3.1;
						DevelopmentTeam = 63446ASE3L;
						ProvisioningStyle = Automatic;
						TestTargetID = 8D4042AB1EA0B01F00D2A480;
					};
				};
			};
			buildConfigurationList = 8D4042A71EA0B01F00D2A480 /* Build configuration list for PBXProject "DZMethodSwizzlingDemo" */;
			compatibilityVersion = "Xcode 3.2";
			developmentRegion = English;
			hasScannedForEncodings = 0;
			knownRegions = (
				en,
				Base,
			);
			mainGroup = 8D4042A31EA0B01F00D2A480;
			productRefGroup = 8D4042AD1EA0B01F00D2A480 /* Products */;
			projectDirPath = "";
			projectRoot = "";
			targets = (
				8D4042AB1EA0B01F00D2A480 /* DZMethodSwizzlingDemo */,
				8DCF2AA21EA48CBF00909F7C /* DZMethodSwizzlingDemoTests */,
			);
		};
/* End PBXProject section */

/* Begin PBXResourcesBuildPhase section */
		8D4042AA1EA0B01F00D2A480 /* Resources */ = {
			isa = PBXResourcesBuildPhase;
			buildActionMask = 2147483647;
			files = (
				8D4042BF1EA0B01F00D2A480 /* LaunchScreen.storyboard in Resources */,
				8D4042BC1EA0B01F00D2A480 /* Assets.xcassets in Resources */,
				8D4042BA1EA0B01F00D2A480 /* Main.storyboard in Resources */,
			);
			runOnlyForDeploymentPostprocessing = 0;
		};
		8DCF2AA11EA48CBF00909F7C /* Resources */ = {
			isa = PBXResourcesBuildPhase;
			buildActionMask = 2147483647;
			files = (
			);
			runOnlyForDeploymentPostprocessing = 0;
		};
/* End PBXResourcesBuildPhase section */

/* Begin PBXSourcesBuildPhase section */
		8D4042A81EA0B01F00D2A480 /* Sources */ = {
			isa = PBXSourcesBuildPhase;
			buildActionMask = 2147483647;
			files = (
				8D4042B71EA0B01F00D2A480 /* ViewController.m in Sources */,
				8DE896081EA312DD0027EA82 /* UIButton+Tracking.m in Sources */,
				8DCF2A9E1EA472C600909F7C /* NSNull+DZAdd.m in Sources */,
				8D4042B41EA0B01F00D2A480 /* AppDelegate.m in Sources */,
				8D4042B11EA0B01F00D2A480 /* main.m in Sources */,
			);
			runOnlyForDeploymentPostprocessing = 0;
		};
		8DCF2A9F1EA48CBF00909F7C /* Sources */ = {
			isa = PBXSourcesBuildPhase;
			buildActionMask = 2147483647;
			files = (
				8DCF2AA61EA48CC000909F7C /* DZMethodSwizzlingDemoTests.m in Sources */,
				8DCF2AB11EA48D3000909F7C /* NSNullTests.m in Sources */,
			);
			runOnlyForDeploymentPostprocessing = 0;
		};
/* End PBXSourcesBuildPhase section */

/* Begin PBXTargetDependency section */
		8DCF2AA91EA48CC000909F7C /* PBXTargetDependency */ = {
			isa = PBXTargetDependency;
			target = 8D4042AB1EA0B01F00D2A480 /* DZMethodSwizzlingDemo */;
			targetProxy = 8DCF2AA81EA48CC000909F7C /* PBXContainerItemProxy */;
		};
/* End PBXTargetDependency section */

/* Begin PBXVariantGroup section */
		8D4042B81EA0B01F00D2A480 /* Main.storyboard */ = {
			isa = PBXVariantGroup;
			children = (
				8D4042B91EA0B01F00D2A480 /* Base */,
			);
			name = Main.storyboard;
			sourceTree = "<group>";
		};
		8D4042BD1EA0B01F00D2A480 /* LaunchScreen.storyboard */ = {
			isa = PBXVariantGroup;
			children = (
				8D4042BE1EA0B01F00D2A480 /* Base */,
			);
			name = LaunchScreen.storyboard;
			sourceTree = "<group>";
		};
/* End PBXVariantGroup section */

/* Begin XCBuildConfiguration section */
		8D4042C11EA0B01F00D2A480 /* Debug */ = {
			isa = XCBuildConfiguration;
			buildSettings = {
				ALWAYS_SEARCH_USER_PATHS = NO;
				CLANG_ANALYZER_NONNULL = YES;
				CLANG_ANALYZER_NUMBER_OBJECT_CONVERSION = YES_AGGRESSIVE;
				CLANG_CXX_LANGUAGE_STANDARD = "gnu++0x";
				CLANG_CXX_LIBRARY = "libc++";
				CLANG_ENABLE_MODULES = YES;
				CLANG_ENABLE_OBJC_ARC = YES;
				CLANG_WARN_BOOL_CONVERSION = YES;
				CLANG_WARN_CONSTANT_CONVERSION = YES;
				CLANG_WARN_DIRECT_OBJC_ISA_USAGE = YES_ERROR;
				CLANG_WARN_DOCUMENTATION_COMMENTS = YES;
				CLANG_WARN_EMPTY_BODY = YES;
				CLANG_WARN_ENUM_CONVERSION = YES;
				CLANG_WARN_INFINITE_RECURSION = YES;
				CLANG_WARN_INT_CONVERSION = YES;
				CLANG_WARN_OBJC_ROOT_CLASS = YES_ERROR;
				CLANG_WARN_SUSPICIOUS_MOVE = YES;
				CLANG_WARN_UNREACHABLE_CODE = YES;
				CLANG_WARN__DUPLICATE_METHOD_MATCH = YES;
				"CODE_SIGN_IDENTITY[sdk=iphoneos*]" = "iPhone Developer";
				COPY_PHASE_STRIP = NO;
				DEBUG_INFORMATION_FORMAT = dwarf;
				ENABLE_STRICT_OBJC_MSGSEND = YES;
				ENABLE_TESTABILITY = YES;
				GCC_C_LANGUAGE_STANDARD = gnu99;
				GCC_DYNAMIC_NO_PIC = NO;
				GCC_NO_COMMON_BLOCKS = YES;
				GCC_OPTIMIZATION_LEVEL = 0;
				GCC_PREPROCESSOR_DEFINITIONS = (
					"DEBUG=1",
					"$(inherited)",
				);
				GCC_WARN_64_TO_32_BIT_CONVERSION = YES;
				GCC_WARN_ABOUT_RETURN_TYPE = YES_ERROR;
				GCC_WARN_UNDECLARED_SELECTOR = YES;
				GCC_WARN_UNINITIALIZED_AUTOS = YES_AGGRESSIVE;
				GCC_WARN_UNUSED_FUNCTION = YES;
				GCC_WARN_UNUSED_VARIABLE = YES;
				IPHONEOS_DEPLOYMENT_TARGET = 10.3;
				MTL_ENABLE_DEBUG_INFO = YES;
				ONLY_ACTIVE_ARCH = YES;
				SDKROOT = iphoneos;
				TARGETED_DEVICE_FAMILY = "1,2";
			};
			name = Debug;
		};
		8D4042C21EA0B01F00D2A480 /* Release */ = {
			isa = XCBuildConfiguration;
			buildSettings = {
				ALWAYS_SEARCH_USER_PATHS = NO;
				CLANG_ANALYZER_NONNULL = YES;
				CLANG_ANALYZER_NUMBER_OBJECT_CONVERSION = YES_AGGRESSIVE;
				CLANG_CXX_LANGUAGE_STANDARD = "gnu++0x";
				CLANG_CXX_LIBRARY = "libc++";
				CLANG_ENABLE_MODULES = YES;
				CLANG_ENABLE_OBJC_ARC = YES;
				CLANG_WARN_BOOL_CONVERSION = YES;
				CLANG_WARN_CONSTANT_CONVERSION = YES;
				CLANG_WARN_DIRECT_OBJC_ISA_USAGE = YES_ERROR;
				CLANG_WARN_DOCUMENTATION_COMMENTS = YES;
				CLANG_WARN_EMPTY_BODY = YES;
				CLANG_WARN_ENUM_CONVERSION = YES;
				CLANG_WARN_INFINITE_RECURSION = YES;
				CLANG_WARN_INT_CONVERSION = YES;
				CLANG_WARN_OBJC_ROOT_CLASS = YES_ERROR;
				CLANG_WARN_SUSPICIOUS_MOVE = YES;
				CLANG_WARN_UNREACHABLE_CODE = YES;
				CLANG_WARN__DUPLICATE_METHOD_MATCH = YES;
				"CODE_SIGN_IDENTITY[sdk=iphoneos*]" = "iPhone Developer";
				COPY_PHASE_STRIP = NO;
				DEBUG_INFORMATION_FORMAT = "dwarf-with-dsym";
				ENABLE_NS_ASSERTIONS = NO;
				ENABLE_STRICT_OBJC_MSGSEND = YES;
				GCC_C_LANGUAGE_STANDARD = gnu99;
				GCC_NO_COMMON_BLOCKS = YES;
				GCC_WARN_64_TO_32_BIT_CONVERSION = YES;
				GCC_WARN_ABOUT_RETURN_TYPE = YES_ERROR;
				GCC_WARN_UNDECLARED_SELECTOR = YES;
				GCC_WARN_UNINITIALIZED_AUTOS = YES_AGGRESSIVE;
				GCC_WARN_UNUSED_FUNCTION = YES;
				GCC_WARN_UNUSED_VARIABLE = YES;
				IPHONEOS_DEPLOYMENT_TARGET = 10.3;
				MTL_ENABLE_DEBUG_INFO = NO;
				SDKROOT = iphoneos;
				TARGETED_DEVICE_FAMILY = "1,2";
				VALIDATE_PRODUCT = YES;
			};
			name = Release;
		};
		8D4042C41EA0B01F00D2A480 /* Debug */ = {
			isa = XCBuildConfiguration;
			buildSettings = {
				ASSETCATALOG_COMPILER_APPICON_NAME = AppIcon;
				DEVELOPMENT_TEAM = 63446ASE3L;
				INFOPLIST_FILE = DZMethodSwizzlingDemo/Info.plist;
				LD_RUNPATH_SEARCH_PATHS = "$(inherited) @executable_path/Frameworks";
				PRODUCT_BUNDLE_IDENTIFIER = io.github.dazuo.DZMethodSwizzlingDemo;
				PRODUCT_NAME = "$(TARGET_NAME)";
			};
			name = Debug;
		};
		8D4042C51EA0B01F00D2A480 /* Release */ = {
			isa = XCBuildConfiguration;
			buildSettings = {
				ASSETCATALOG_COMPILER_APPICON_NAME = AppIcon;
				DEVELOPMENT_TEAM = 63446ASE3L;
				INFOPLIST_FILE = DZMethodSwizzlingDemo/Info.plist;
				LD_RUNPATH_SEARCH_PATHS = "$(inherited) @executable_path/Frameworks";
				PRODUCT_BUNDLE_IDENTIFIER = io.github.dazuo.DZMethodSwizzlingDemo;
				PRODUCT_NAME = "$(TARGET_NAME)";
			};
			name = Release;
		};
		8DCF2AAB1EA48CC000909F7C /* Debug */ = {
			isa = XCBuildConfiguration;
			buildSettings = {
				BUNDLE_LOADER = "$(TEST_HOST)";
				DEVELOPMENT_TEAM = 63446ASE3L;
				INFOPLIST_FILE = DZMethodSwizzlingDemoTests/Info.plist;
				LD_RUNPATH_SEARCH_PATHS = "$(inherited) @executable_path/Frameworks @loader_path/Frameworks";
				PRODUCT_BUNDLE_IDENTIFIER = io.github.dazuo.DZMethodSwizzlingDemoTests;
				PRODUCT_NAME = "$(TARGET_NAME)";
				TEST_HOST = "$(BUILT_PRODUCTS_DIR)/DZMethodSwizzlingDemo.app/DZMethodSwizzlingDemo";
			};
			name = Debug;
		};
		8DCF2AAC1EA48CC000909F7C /* Release */ = {
			isa = XCBuildConfiguration;
			buildSettings = {
				BUNDLE_LOADER = "$(TEST_HOST)";
				DEVELOPMENT_TEAM = 63446ASE3L;
				INFOPLIST_FILE = DZMethodSwizzlingDemoTests/Info.plist;
				LD_RUNPATH_SEARCH_PATHS = "$(inherited) @executable_path/Frameworks @loader_path/Frameworks";
				PRODUCT_BUNDLE_IDENTIFIER = io.github.dazuo.DZMethodSwizzlingDemoTests;
				PRODUCT_NAME = "$(TARGET_NAME)";
				TEST_HOST = "$(BUILT_PRODUCTS_DIR)/DZMethodSwizzlingDemo.app/DZMethodSwizzlingDemo";
			};
			name = Release;
		};
/* End XCBuildConfiguration section */

/* Begin XCConfigurationList section */
		8D4042A71EA0B01F00D2A480 /* Build configuration list for PBXProject "DZMethodSwizzlingDemo" */ = {
			isa = XCConfigurationList;
			buildConfigurations = (
				8D4042C11EA0B01F00D2A480 /* Debug */,
				8D4042C21EA0B01F00D2A480 /* Release */,
			);
			defaultConfigurationIsVisible = 0;
			defaultConfigurationName = Release;
		};
		8D4042C31EA0B01F00D2A480 /* Build configuration list for PBXNativeTarget "DZMethodSwizzlingDemo" */ = {
			isa = XCConfigurationList;
			buildConfigurations = (
				8D4042C41EA0B01F00D2A480 /* Debug */,
				8D4042C51EA0B01F00D2A480 /* Release */,
			);
			defaultConfigurationIsVisible = 0;
			defaultConfigurationName = Release;
		};
		8DCF2AAA1EA48CC000909F7C /* Build configuration list for PBXNativeTarget "DZMethodSwizzlingDemoTests" */ = {
			isa = XCConfigurationList;
			buildConfigurations = (
				8DCF2AAB1EA48CC000909F7C /* Debug */,
				8DCF2AAC1EA48CC000909F7C /* Release */,
			);
			defaultConfigurationIsVisible = 0;
		};
/* End XCConfigurationList section */
	};
	rootObject = 8D4042A41EA0B01F00D2A480 /* Project object */;
}
